
Microsoft Visual Studio Solution File, Format Version 12.00
# Visual Studio Version 17
VisualStudioVersion = 17.11.35312.102
MinimumVisualStudioVersion = 10.0.40219.1
Project("{FAE04EC0-301F-11D3-BF4B-00C04F79EFBC}") = "PictureViewer", "PictureViewer\PictureViewer.csproj", "{DC217F6E-390E-4E0F-8BFF-3FF45D393C8B}"
EndProject
Global
	GlobalSection(SolutionConfigurationPlatforms) = preSolution
		Debug|Any CPU = Debug|Any CPU
		Release|Any CPU = Release|Any CPU
	EndGlobalSection
	GlobalSection(ProjectConfigurationPlatforms) = postSolution
		{DC217F6E-390E-4E0F-8BFF-3FF45D393C8B}.Debug|Any CPU.ActiveCfg = Debug|Any CPU
		{DC217F6E-390E-4E0F-8BFF-3FF45D393C8B}.Debug|Any CPU.Build.0 = Debug|Any CPU
		{DC217F6E-390E-4E0F-8BFF-3FF45D393C8B}.Release|Any CPU.ActiveCfg = Release|Any CPU
		{DC217F6E-390E-4E0F-8BFF-3FF45D393C8B}.Release|Any CPU.Build.0 = Release|Any CPU
	EndGlobalSection
	GlobalSection(SolutionProperties) = preSolution
		HideSolutionNode = FALSE
	EndGlobalSection
	GlobalSection(ExtensibilityGlobals) = postSolution
		SolutionGuid = {D62A2C22-1F93-46AE-BBD5-593C4B5CD687}
	EndGlobalSection
EndGlobal
